
Microsoft Visual Studio Solution File, Format Version 12.00
# Visual Studio Version 17
VisualStudioVersion = 17.11.35327.3
MinimumVisualStudioVersion = 10.0.40219.1
Project("{FAE04EC0-301F-11D3-BF4B-00C04F79EFBC}") = "GraphGridJS", "GraphGridJS.csproj", "{8FCFBEC3-08FC-4F1F-ADE4-A2CCEAEEE3F0}"
EndProject
Global
	GlobalSection(SolutionConfigurationPlatforms) = preSolution
		Debug|Any CPU = Debug|Any CPU
		Release|Any CPU = Release|Any CPU
	EndGlobalSection
	GlobalSection(ProjectConfigurationPlatforms) = postSolution
		{8FCFBEC3-08FC-4F1F-ADE4-A2CCEAEEE3F0}.Debug|Any CPU.ActiveCfg = Debug|Any CPU
		{8FCFBEC3-08FC-4F1F-ADE4-A2CCEAEEE3F0}.Debug|Any CPU.Build.0 = Debug|Any CPU
		{8FCFBEC3-08FC-4F1F-ADE4-A2CCEAEEE3F0}.Release|Any CPU.ActiveCfg = Release|Any CPU
		{8FCFBEC3-08FC-4F1F-ADE4-A2CCEAEEE3F0}.Release|Any CPU.Build.0 = Release|Any CPU
	EndGlobalSection
	GlobalSection(SolutionProperties) = preSolution
		HideSolutionNode = FALSE
	EndGlobalSection
	GlobalSection(ExtensibilityGlobals) = postSolution
		SolutionGuid = {BB0D57D5-895C-4BBC-B239-6F76CF467914}
	EndGlobalSection
EndGlobal
